// !$*UTF8*$!
{
	archiveVersion = 1;
	classes = {
	};
	objectVersion = 46;
	objects = {

/* Begin PBXBuildFile section */
		79984BE51E8B853400992F79 /* AppDelegate.swift in Sources */ = {isa = PBXBuildFile; fileRef = 79984BE41E8B853400992F79 /* AppDelegate.swift */; };
		79984BE71E8B853400992F79 /* ViewController.swift in Sources */ = {isa = PBXBuildFile; fileRef = 79984BE61E8B853400992F79 /* ViewController.swift */; };
		79984BEA1E8B853400992F79 /* Main.storyboard in Resources */ = {isa = PBXBuildFile; fileRef = 79984BE81E8B853400992F79 /* Main.storyboard */; };
		79984BEC1E8B853400992F79 /* Assets.xcassets in Resources */ = {isa = PBXBuildFile; fileRef = 79984BEB1E8B853400992F79 /* Assets.xcassets */; };
		79984BEF1E8B853400992F79 /* LaunchScreen.storyboard in Resources */ = {isa = PBXBuildFile; fileRef = 79984BED1E8B853400992F79 /* LaunchScreen.storyboard */; };
		79984BFA1E8B853400992F79 /* Travel_Melb_ProjectTests.swift in Sources */ = {isa = PBXBuildFile; fileRef = 79984BF91E8B853400992F79 /* Travel_Melb_ProjectTests.swift */; };
		79984C051E8B853400992F79 /* Travel_Melb_ProjectUITests.swift in Sources */ = {isa = PBXBuildFile; fileRef = 79984C041E8B853400992F79 /* Travel_Melb_ProjectUITests.swift */; };
/* End PBXBuildFile section */

/* Begin PBXContainerItemProxy section */
		79984BF61E8B853400992F79 /* PBXContainerItemProxy */ = {
			isa = PBXContainerItemProxy;
			containerPortal = 79984BD91E8B853400992F79 /* Project object */;
			proxyType = 1;
			remoteGlobalIDString = 79984BE01E8B853400992F79;
			remoteInfo = Travel_Melb_Project;
		};
		79984C011E8B853400992F79 /* PBXContainerItemProxy */ = {
			isa = PBXContainerItemProxy;
			containerPortal = 79984BD91E8B853400992F79 /* Project object */;
			proxyType = 1;
			remoteGlobalIDString = 79984BE01E8B853400992F79;
			remoteInfo = Travel_Melb_Project;
		};
/* End PBXContainerItemProxy section */

/* Begin PBXFileReference section */
		79984BE11E8B853400992F79 /* Travel_Melb_Project.app */ = {isa = PBXFileReference; explicitFileType = wrapper.application; includeInIndex = 0; path = Travel_Melb_Project.app; sourceTree = BUILT_PRODUCTS_DIR; };
		79984BE41E8B853400992F79 /* AppDelegate.swift */ = {isa = PBXFileReference; lastKnownFileType = sourcecode.swift; path = AppDelegate.swift; sourceTree = "<group>"; };
		79984BE61E8B853400992F79 /* ViewController.swift */ = {isa = PBXFileReference; lastKnownFileType = sourcecode.swift; path = ViewController.swift; sourceTree = "<group>"; };
		79984BE91E8B853400992F79 /* Base */ = {isa = PBXFileReference; lastKnownFileType = file.storyboard; name = Base; path = Base.lproj/Main.storyboard; sourceTree = "<group>"; };
		79984BEB1E8B853400992F79 /* Assets.xcassets */ = {isa = PBXFileReference; lastKnownFileType = folder.assetcatalog; path = Assets.xcassets; sourceTree = "<group>"; };
		79984BEE1E8B853400992F79 /* Base */ = {isa = PBXFileReference; lastKnownFileType = file.storyboard; name = Base; path = Base.lproj/LaunchScreen.storyboard; sourceTree = "<group>"; };
		79984BF01E8B853400992F79 /* Info.plist */ = {isa = PBXFileReference; lastKnownFileType = text.plist.xml; path = Info.plist; sourceTree = "<group>"; };
		79984BF51E8B853400992F79 /* Travel_Melb_ProjectTests.xctest */ = {isa = PBXFileReference; explicitFileType = wrapper.cfbundle; includeInIndex = 0; path = Travel_Melb_ProjectTests.xctest; sourceTree = BUILT_PRODUCTS_DIR; };
		79984BF91E8B853400992F79 /* Travel_Melb_ProjectTests.swift */ = {isa = PBXFileReference; lastKnownFileType = sourcecode.swift; path = Travel_Melb_ProjectTests.swift; sourceTree = "<group>"; };
		79984BFB1E8B853400992F79 /* Info.plist */ = {isa = PBXFileReference; lastKnownFileType = text.plist.xml; path = Info.plist; sourceTree = "<group>"; };
		79984C001E8B853400992F79 /* Travel_Melb_ProjectUITests.xctest */ = {isa = PBXFileReference; explicitFileType = wrapper.cfbundle; includeInIndex = 0; path = Travel_Melb_ProjectUITests.xctest; sourceTree = BUILT_PRODUCTS_DIR; };
		79984C041E8B853400992F79 /* Travel_Melb_ProjectUITests.swift */ = {isa = PBXFileReference; lastKnownFileType = sourcecode.swift; path = Travel_Melb_ProjectUITests.swift; sourceTree = "<group>"; };
		79984C061E8B853400992F79 /* Info.plist */ = {isa = PBXFileReference; lastKnownFileType = text.plist.xml; path = Info.plist; sourceTree = "<group>"; };
/* End PBXFileReference section */

/* Begin PBXFrameworksBuildPhase section */
		79984BDE1E8B853400992F79 /* Frameworks */ = {
			isa = PBXFrameworksBuildPhase;
			buildActionMask = 2147483647;
			files = (
			);
			runOnlyForDeploymentPostprocessing = 0;
		};
		79984BF21E8B853400992F79 /* Frameworks */ = {
			isa = PBXFrameworksBuildPhase;
			buildActionMask = 2147483647;
			files = (
			);
			runOnlyForDeploymentPostprocessing = 0;
		};
		79984BFD1E8B853400992F79 /* Frameworks */ = {
			isa = PBXFrameworksBuildPhase;
			buildActionMask = 2147483647;
			files = (
			);
			runOnlyForDeploymentPostprocessing = 0;
		};
/* End PBXFrameworksBuildPhase section */

/* Begin PBXGroup section */
		79984BD81E8B853400992F79 = {
			isa = PBXGroup;
			children = (
				79984BE31E8B853400992F79 /* Travel_Melb_Project */,
				79984BF81E8B853400992F79 /* Travel_Melb_ProjectTests */,
				79984C031E8B853400992F79 /* Travel_Melb_ProjectUITests */,
				79984BE21E8B853400992F79 /* Products */,
			);
			sourceTree = "<group>";
		};
		79984BE21E8B853400992F79 /* Products */ = {
			isa = PBXGroup;
			children = (
				79984BE11E8B853400992F79 /* Travel_Melb_Project.app */,
				79984BF51E8B853400992F79 /* Travel_Melb_ProjectTests.xctest */,
				79984C001E8B853400992F79 /* Travel_Melb_ProjectUITests.xctest */,
			);
			name = Products;
			sourceTree = "<group>";
		};
		79984BE31E8B853400992F79 /* Travel_Melb_Project */ = {
			isa = PBXGroup;
			children = (
				79984BE41E8B853400992F79 /* AppDelegate.swift */,
				79984BE61E8B853400992F79 /* ViewController.swift */,
				79984BE81E8B853400992F79 /* Main.storyboard */,
				79984BEB1E8B853400992F79 /* Assets.xcassets */,
				79984BED1E8B853400992F79 /* LaunchScreen.storyboard */,
				79984BF01E8B853400992F79 /* Info.plist */,
			);
			path = Travel_Melb_Project;
			sourceTree = "<group>";
		};
		79984BF81E8B853400992F79 /* Travel_Melb_ProjectTests */ = {
			isa = PBXGroup;
			children = (
				79984BF91E8B853400992F79 /* Travel_Melb_ProjectTests.swift */,
				79984BFB1E8B853400992F79 /* Info.plist */,
			);
			path = Travel_Melb_ProjectTests;
			sourceTree = "<group>";
		};
		79984C031E8B853400992F79 /* Travel_Melb_ProjectUITests */ = {
			isa = PBXGroup;
			children = (
				79984C041E8B853400992F79 /* Travel_Melb_ProjectUITests.swift */,
				79984C061E8B853400992F79 /* Info.plist */,
			);
			path = Travel_Melb_ProjectUITests;
			sourceTree = "<group>";
		};
/* End PBXGroup section */

/* Begin PBXNativeTarget section */
		79984BE01E8B853400992F79 /* Travel_Melb_Project */ = {
			isa = PBXNativeTarget;
			buildConfigurationList = 79984C091E8B853400992F79 /* Build configuration list for PBXNativeTarget "Travel_Melb_Project" */;
			buildPhases = (
				79984BDD1E8B853400992F79 /* Sources */,
				79984BDE1E8B853400992F79 /* Frameworks */,
				79984BDF1E8B853400992F79 /* Resources */,
			);
			buildRules = (
			);
			dependencies = (
			);
			name = Travel_Melb_Project;
			productName = Travel_Melb_Project;
			productReference = 79984BE11E8B853400992F79 /* Travel_Melb_Project.app */;
			productType = "com.apple.product-type.application";
		};
		79984BF41E8B853400992F79 /* Travel_Melb_ProjectTests */ = {
			isa = PBXNativeTarget;
			buildConfigurationList = 79984C0C1E8B853400992F79 /* Build configuration list for PBXNativeTarget "Travel_Melb_ProjectTests" */;
			buildPhases = (
				79984BF11E8B853400992F79 /* Sources */,
				79984BF21E8B853400992F79 /* Frameworks */,
				79984BF31E8B853400992F79 /* Resources */,
			);
			buildRules = (
			);
			dependencies = (
				79984BF71E8B853400992F79 /* PBXTargetDependency */,
			);
			name = Travel_Melb_ProjectTests;
			productName = Travel_Melb_ProjectTests;
			productReference = 79984BF51E8B853400992F79 /* Travel_Melb_ProjectTests.xctest */;
			productType = "com.apple.product-type.bundle.unit-test";
		};
		79984BFF1E8B853400992F79 /* Travel_Melb_ProjectUITests */ = {
			isa = PBXNativeTarget;
			buildConfigurationList = 79984C0F1E8B853400992F79 /* Build configuration list for PBXNativeTarget "Travel_Melb_ProjectUITests" */;
			buildPhases = (
				79984BFC1E8B853400992F79 /* Sources */,
				79984BFD1E8B853400992F79 /* Frameworks */,
				79984BFE1E8B853400992F79 /* Resources */,
			);
			buildRules = (
			);
			dependencies = (
				79984C021E8B853400992F79 /* PBXTargetDependency */,
			);
			name = Travel_Melb_ProjectUITests;
			productName = Travel_Melb_ProjectUITests;
			productReference = 79984C001E8B853400992F79 /* Travel_Melb_ProjectUITests.xctest */;
			productType = "com.apple.product-type.bundle.ui-testing";
		};
/* End PBXNativeTarget section */

/* Begin PBXProject section */
		79984BD91E8B853400992F79 /* Project object */ = {
			isa = PBXProject;
			attributes = {
				LastSwiftUpdateCheck = 0820;
				LastUpgradeCheck = 0820;
				ORGANIZATIONNAME = Travel_Melb_Team;
				TargetAttributes = {
					79984BE01E8B853400992F79 = {
						CreatedOnToolsVersion = 8.2.1;
						ProvisioningStyle = Automatic;
					};
					79984BF41E8B853400992F79 = {
						CreatedOnToolsVersion = 8.2.1;
						ProvisioningStyle = Automatic;
						TestTargetID = 79984BE01E8B853400992F79;
					};
					79984BFF1E8B853400992F79 = {
						CreatedOnToolsVersion = 8.2.1;
						ProvisioningStyle = Automatic;
						TestTargetID = 79984BE01E8B853400992F79;
					};
				};
			};
			buildConfigurationList = 79984BDC1E8B853400992F79 /* Build configuration list for PBXProject "Travel_Melb_Project" */;
			compatibilityVersion = "Xcode 3.2";
			developmentRegion = English;
			hasScannedForEncodings = 0;
			knownRegions = (
				en,
				Base,
			);
			mainGroup = 79984BD81E8B853400992F79;
			productRefGroup = 79984BE21E8B853400992F79 /* Products */;
			projectDirPath = "";
			projectRoot = "";
			targets = (
				79984BE01E8B853400992F79 /* Travel_Melb_Project */,
				79984BF41E8B853400992F79 /* Travel_Melb_ProjectTests */,
				79984BFF1E8B853400992F79 /* Travel_Melb_ProjectUITests */,
			);
		};
/* End PBXProject section */

/* Begin PBXResourcesBuildPhase section */
		79984BDF1E8B853400992F79 /* Resources */ = {
			isa = PBXResourcesBuildPhase;
			buildActionMask = 2147483647;
			files = (
				79984BEF1E8B853400992F79 /* LaunchScreen.storyboard in Resources */,
				79984BEC1E8B853400992F79 /* Assets.xcassets in Resources */,
				79984BEA1E8B853400992F79 /* Main.storyboard in Resources */,
			);
			runOnlyForDeploymentPostprocessing = 0;
		};
		79984BF31E8B853400992F79 /* Resources */ = {
			isa = PBXResourcesBuildPhase;
			buildActionMask = 2147483647;
			files = (
			);
			runOnlyForDeploymentPostprocessing = 0;
		};
		79984BFE1E8B853400992F79 /* Resources */ = {
			isa = PBXResourcesBuildPhase;
			buildActionMask = 2147483647;
			files = (
			);
			runOnlyForDeploymentPostprocessing = 0;
		};
/* End PBXResourcesBuildPhase section */

/* Begin PBXSourcesBuildPhase section */
		79984BDD1E8B853400992F79 /* Sources */ = {
			isa = PBXSourcesBuildPhase;
			buildActionMask = 2147483647;
			files = (
				79984BE71E8B853400992F79 /* ViewController.swift in Sources */,
				79984BE51E8B853400992F79 /* AppDelegate.swift in Sources */,
			);
			runOnlyForDeploymentPostprocessing = 0;
		};
		79984BF11E8B853400992F79 /* Sources */ = {
			isa = PBXSourcesBuildPhase;
			buildActionMask = 2147483647;
			files = (
				79984BFA1E8B853400992F79 /* Travel_Melb_ProjectTests.swift in Sources */,
			);
			runOnlyForDeploymentPostprocessing = 0;
		};
		79984BFC1E8B853400992F79 /* Sources */ = {
			isa = PBXSourcesBuildPhase;
			buildActionMask = 2147483647;
			files = (
				79984C051E8B853400992F79 /* Travel_Melb_ProjectUITests.swift in Sources */,
			);
			runOnlyForDeploymentPostprocessing = 0;
		};
/* End PBXSourcesBuildPhase section */

/* Begin PBXTargetDependency section */
		79984BF71E8B853400992F79 /* PBXTargetDependency */ = {
			isa = PBXTargetDependency;
			target = 79984BE01E8B853400992F79 /* Travel_Melb_Project */;
			targetProxy = 79984BF61E8B853400992F79 /* PBXContainerItemProxy */;
		};
		79984C021E8B853400992F79 /* PBXTargetDependency */ = {
			isa = PBXTargetDependency;
			target = 79984BE01E8B853400992F79 /* Travel_Melb_Project */;
			targetProxy = 79984C011E8B853400992F79 /* PBXContainerItemProxy */;
		};
/* End PBXTargetDependency section */

/* Begin PBXVariantGroup section */
		79984BE81E8B853400992F79 /* Main.storyboard */ = {
			isa = PBXVariantGroup;
			children = (
				79984BE91E8B853400992F79 /* Base */,
			);
			name = Main.storyboard;
			sourceTree = "<group>";
		};
		79984BED1E8B853400992F79 /* LaunchScreen.storyboard */ = {
			isa = PBXVariantGroup;
			children = (
				79984BEE1E8B853400992F79 /* Base */,
			);
			name = LaunchScreen.storyboard;
			sourceTree = "<group>";
		};
/* End PBXVariantGroup section */

/* Begin XCBuildConfiguration section */
		79984C071E8B853400992F79 /* Debug */ = {
			isa = XCBuildConfiguration;
			buildSettings = {
				ALWAYS_SEARCH_USER_PATHS = NO;
				CLANG_ANALYZER_NONNULL = YES;
				CLANG_CXX_LANGUAGE_STANDARD = "gnu++0x";
				CLANG_CXX_LIBRARY = "libc++";
				CLANG_ENABLE_MODULES = YES;
				CLANG_ENABLE_OBJC_ARC = YES;
				CLANG_WARN_BOOL_CONVERSION = YES;
				CLANG_WARN_CONSTANT_CONVERSION = YES;
				CLANG_WARN_DIRECT_OBJC_ISA_USAGE = YES_ERROR;
				CLANG_WARN_DOCUMENTATION_COMMENTS = YES;
				CLANG_WARN_EMPTY_BODY = YES;
				CLANG_WARN_ENUM_CONVERSION = YES;
				CLANG_WARN_INFINITE_RECURSION = YES;
				CLANG_WARN_INT_CONVERSION = YES;
				CLANG_WARN_OBJC_ROOT_CLASS = YES_ERROR;
				CLANG_WARN_SUSPICIOUS_MOVE = YES;
				CLANG_WARN_UNREACHABLE_CODE = YES;
				CLANG_WARN__DUPLICATE_METHOD_MATCH = YES;
				"CODE_SIGN_IDENTITY[sdk=iphoneos*]" = "iPhone Developer";
				COPY_PHASE_STRIP = NO;
				DEBUG_INFORMATION_FORMAT = dwarf;
				ENABLE_STRICT_OBJC_MSGSEND = YES;
				ENABLE_TESTABILITY = YES;
				GCC_C_LANGUAGE_STANDARD = gnu99;
				GCC_DYNAMIC_NO_PIC = NO;
				GCC_NO_COMMON_BLOCKS = YES;
				GCC_OPTIMIZATION_LEVEL = 0;
				GCC_PREPROCESSOR_DEFINITIONS = (
					"DEBUG=1",
					"$(inherited)",
				);
				GCC_WARN_64_TO_32_BIT_CONVERSION = YES;
				GCC_WARN_ABOUT_RETURN_TYPE = YES_ERROR;
				GCC_WARN_UNDECLARED_SELECTOR = YES;
				GCC_WARN_UNINITIALIZED_AUTOS = YES_AGGRESSIVE;
				GCC_WARN_UNUSED_FUNCTION = YES;
				GCC_WARN_UNUSED_VARIABLE = YES;
				IPHONEOS_DEPLOYMENT_TARGET = 10.2;
				MTL_ENABLE_DEBUG_INFO = YES;
				ONLY_ACTIVE_ARCH = YES;
				SDKROOT = iphoneos;
				SWIFT_ACTIVE_COMPILATION_CONDITIONS = DEBUG;
				SWIFT_OPTIMIZATION_LEVEL = "-Onone";
				TARGETED_DEVICE_FAMILY = "1,2";
			};
			name = Debug;
		};
		79984C081E8B853400992F79 /* Release */ = {
			isa = XCBuildConfiguration;
			buildSettings = {
				ALWAYS_SEARCH_USER_PATHS = NO;
				CLANG_ANALYZER_NONNULL = YES;
				CLANG_CXX_LANGUAGE_STANDARD = "gnu++0x";
				CLANG_CXX_LIBRARY = "libc++";
				CLANG_ENABLE_MODULES = YES;
				CLANG_ENABLE_OBJC_ARC = YES;
				CLANG_WARN_BOOL_CONVERSION = YES;
				CLANG_WARN_CONSTANT_CONVERSION = YES;
				CLANG_WARN_DIRECT_OBJC_ISA_USAGE = YES_ERROR;
				CLANG_WARN_DOCUMENTATION_COMMENTS = YES;
				CLANG_WARN_EMPTY_BODY = YES;
				CLANG_WARN_ENUM_CONVERSION = YES;
				CLANG_WARN_INFINITE_RECURSION = YES;
				CLANG_WARN_INT_CONVERSION = YES;
				CLANG_WARN_OBJC_ROOT_CLASS = YES_ERROR;
				CLANG_WARN_SUSPICIOUS_MOVE = YES;
				CLANG_WARN_UNREACHABLE_CODE = YES;
				CLANG_WARN__DUPLICATE_METHOD_MATCH = YES;
				"CODE_SIGN_IDENTITY[sdk=iphoneos*]" = "iPhone Developer";
				COPY_PHASE_STRIP = NO;
				DEBUG_INFORMATION_FORMAT = "dwarf-with-dsym";
				ENABLE_NS_ASSERTIONS = NO;
				ENABLE_STRICT_OBJC_MSGSEND = YES;
				GCC_C_LANGUAGE_STANDARD = gnu99;
				GCC_NO_COMMON_BLOCKS = YES;
				GCC_WARN_64_TO_32_BIT_CONVERSION = YES;
				GCC_WARN_ABOUT_RETURN_TYPE = YES_ERROR;
				GCC_WARN_UNDECLARED_SELECTOR = YES;
				GCC_WARN_UNINITIALIZED_AUTOS = YES_AGGRESSIVE;
				GCC_WARN_UNUSED_FUNCTION = YES;
				GCC_WARN_UNUSED_VARIABLE = YES;
				IPHONEOS_DEPLOYMENT_TARGET = 10.2;
				MTL_ENABLE_DEBUG_INFO = NO;
				SDKROOT = iphoneos;
				SWIFT_OPTIMIZATION_LEVEL = "-Owholemodule";
				TARGETED_DEVICE_FAMILY = "1,2";
				VALIDATE_PRODUCT = YES;
			};
			name = Release;
		};
		79984C0A1E8B853400992F79 /* Debug */ = {
			isa = XCBuildConfiguration;
			buildSettings = {
				ASSETCATALOG_COMPILER_APPICON_NAME = AppIcon;
				INFOPLIST_FILE = Travel_Melb_Project/Info.plist;
				LD_RUNPATH_SEARCH_PATHS = "$(inherited) @executable_path/Frameworks";
				PRODUCT_BUNDLE_IDENTIFIER = "travel-Melb.Travel-Melb-Project";
				PRODUCT_NAME = "$(TARGET_NAME)";
				SWIFT_VERSION = 3.0;
			};
			name = Debug;
		};
		79984C0B1E8B853400992F79 /* Release */ = {
			isa = XCBuildConfiguration;
			buildSettings = {
				ASSETCATALOG_COMPILER_APPICON_NAME = AppIcon;
				INFOPLIST_FILE = Travel_Melb_Project/Info.plist;
				LD_RUNPATH_SEARCH_PATHS = "$(inherited) @executable_path/Frameworks";
				PRODUCT_BUNDLE_IDENTIFIER = "travel-Melb.Travel-Melb-Project";
				PRODUCT_NAME = "$(TARGET_NAME)";
				SWIFT_VERSION = 3.0;
			};
			name = Release;
		};
		79984C0D1E8B853400992F79 /* Debug */ = {
			isa = XCBuildConfiguration;
			buildSettings = {
				ALWAYS_EMBED_SWIFT_STANDARD_LIBRARIES = YES;
				BUNDLE_LOADER = "$(TEST_HOST)";
				INFOPLIST_FILE = Travel_Melb_ProjectTests/Info.plist;
				LD_RUNPATH_SEARCH_PATHS = "$(inherited) @executable_path/Frameworks @loader_path/Frameworks";
				PRODUCT_BUNDLE_IDENTIFIER = "travel-Melb.Travel-Melb-ProjectTests";
				PRODUCT_NAME = "$(TARGET_NAME)";
				SWIFT_VERSION = 3.0;
				TEST_HOST = "$(BUILT_PRODUCTS_DIR)/Travel_Melb_Project.app/Travel_Melb_Project";
			};
			name = Debug;
		};
		79984C0E1E8B853400992F79 /* Release */ = {
			isa = XCBuildConfiguration;
			buildSettings = {
				ALWAYS_EMBED_SWIFT_STANDARD_LIBRARIES = YES;
				BUNDLE_LOADER = "$(TEST_HOST)";
				INFOPLIST_FILE = Travel_Melb_ProjectTests/Info.plist;
				LD_RUNPATH_SEARCH_PATHS = "$(inherited) @executable_path/Frameworks @loader_path/Frameworks";
				PRODUCT_BUNDLE_IDENTIFIER = "travel-Melb.Travel-Melb-ProjectTests";
				PRODUCT_NAME = "$(TARGET_NAME)";
				SWIFT_VERSION = 3.0;
				TEST_HOST = "$(BUILT_PRODUCTS_DIR)/Travel_Melb_Project.app/Travel_Melb_Project";
			};
			name = Release;
		};
		79984C101E8B853400992F79 /* Debug */ = {
			isa = XCBuildConfiguration;
			buildSettings = {
				ALWAYS_EMBED_SWIFT_STANDARD_LIBRARIES = YES;
				INFOPLIST_FILE = Travel_Melb_ProjectUITests/Info.plist;
				LD_RUNPATH_SEARCH_PATHS = "$(inherited) @executable_path/Frameworks @loader_path/Frameworks";
				PRODUCT_BUNDLE_IDENTIFIER = "travel-Melb.Travel-Melb-ProjectUITests";
				PRODUCT_NAME = "$(TARGET_NAME)";
				SWIFT_VERSION = 3.0;
				TEST_TARGET_NAME = Travel_Melb_Project;
			};
			name = Debug;
		};
		79984C111E8B853400992F79 /* Release */ = {
			isa = XCBuildConfiguration;
			buildSettings = {
				ALWAYS_EMBED_SWIFT_STANDARD_LIBRARIES = YES;
				INFOPLIST_FILE = Travel_Melb_ProjectUITests/Info.plist;
				LD_RUNPATH_SEARCH_PATHS = "$(inherited) @executable_path/Frameworks @loader_path/Frameworks";
				PRODUCT_BUNDLE_IDENTIFIER = "travel-Melb.Travel-Melb-ProjectUITests";
				PRODUCT_NAME = "$(TARGET_NAME)";
				SWIFT_VERSION = 3.0;
				TEST_TARGET_NAME = Travel_Melb_Project;
			};
			name = Release;
		};
/* End XCBuildConfiguration section */

/* Begin XCConfigurationList section */
		79984BDC1E8B853400992F79 /* Build configuration list for PBXProject "Travel_Melb_Project" */ = {
			isa = XCConfigurationList;
			buildConfigurations = (
				79984C071E8B853400992F79 /* Debug */,
				79984C081E8B853400992F79 /* Release */,
			);
			defaultConfigurationIsVisible = 0;
			defaultConfigurationName = Release;
		};
		79984C091E8B853400992F79 /* Build configuration list for PBXNativeTarget "Travel_Melb_Project" */ = {
			isa = XCConfigurationList;
			buildConfigurations = (
				79984C0A1E8B853400992F79 /* Debug */,
				79984C0B1E8B853400992F79 /* Release */,
			);
			defaultConfigurationIsVisible = 0;
		};
		79984C0C1E8B853400992F79 /* Build configuration list for PBXNativeTarget "Travel_Melb_ProjectTests" */ = {
			isa = XCConfigurationList;
			buildConfigurations = (
				79984C0D1E8B853400992F79 /* Debug */,
				79984C0E1E8B853400992F79 /* Release */,
			);
			defaultConfigurationIsVisible = 0;
		};
		79984C0F1E8B853400992F79 /* Build configuration list for PBXNativeTarget "Travel_Melb_ProjectUITests" */ = {
			isa = XCConfigurationList;
			buildConfigurations = (
				79984C101E8B853400992F79 /* Debug */,
				79984C111E8B853400992F79 /* Release */,
			);
			defaultConfigurationIsVisible = 0;
		};
/* End XCConfigurationList section */
	};
	rootObject = 79984BD91E8B853400992F79 /* Project object */;
}
